
Microsoft Visual Studio Solution File, Format Version 12.00
# Visual Studio Version 16
VisualStudioVersion = 16.0.29411.108
MinimumVisualStudioVersion = 10.0.40219.1
Project("{2150E333-8FDC-42A3-9474-1A3956D46DE8}") = "Clients", "Clients", "{07AC0145-3794-4E17-9CE6-03F7CD241582}"
EndProject
Project("{2150E333-8FDC-42A3-9474-1A3956D46DE8}") = "Build", "Build", "{854CECC9-A0FA-49E6-8121-F38825B686F5}"
	ProjectSection(SolutionItems) = preProject
		..\Directory.Build.props = ..\Directory.Build.props
		..\Directory.Build.targets = ..\Directory.Build.targets
	EndProjectSection
EndProject
Project("{2150E333-8FDC-42A3-9474-1A3956D46DE8}") = "Targets", "Targets", "{E7EACAD7-3CBC-42E3-BE62-814F7FE03DA2}"
	ProjectSection(SolutionItems) = preProject
		..\..\targets\BuildPaths.props = ..\..\targets\BuildPaths.props
		..\..\targets\CompileOptions.targets = ..\..\targets\CompileOptions.targets
		..\..\targets\Frameworks.props = ..\..\targets\Frameworks.props
		..\..\targets\GlobalDirectives.targets = ..\..\targets\GlobalDirectives.targets
		..\..\targets\Mcart.targets = ..\..\targets\Mcart.targets
		..\..\targets\PackageInfo.props = ..\..\targets\PackageInfo.props
		..\..\targets\Packages.targets = ..\..\targets\Packages.targets
		..\..\targets\PackageVersion.props = ..\..\targets\PackageVersion.props
		..\..\targets\Shared.targets = ..\..\targets\Shared.targets
	EndProjectSection
EndProject
Project("{9A19103F-16F7-4668-BE54-9A1E7A4F7556}") = "Proteus", "Proteus\Proteus.csproj", "{BD6DF2A2-BCCA-4725-B0C9-C458D5E78DDA}"
EndProject
Project("{9A19103F-16F7-4668-BE54-9A1E7A4F7556}") = "ProteusServer", "Clients\ProteusServer\ProteusServer.csproj", "{2912ED22-9853-41EC-93DE-573905BEC804}"
EndProject
Project("{9A19103F-16F7-4668-BE54-9A1E7A4F7556}") = "ProteusWorkstation", "Clients\ProteusWorkstation\ProteusWorkstation.csproj", "{3A1C497E-D0F0-4BD9-8ED8-9E40E5693E82}"
EndProject
Project("{2150E333-8FDC-42A3-9474-1A3956D46DE8}") = "Demo", "Demo", "{443F54AC-D260-41BD-AD82-7A91CF333C92}"
EndProject
Project("{9A19103F-16F7-4668-BE54-9A1E7A4F7556}") = "BasicServices", "..\DbServices\BasicServices\BasicServices.csproj", "{1F879089-6457-4190-9BF8-EEAF3847EA26}"
EndProject
Project("{9A19103F-16F7-4668-BE54-9A1E7A4F7556}") = "FacturaService", "..\DbServices\FacturaService\FacturaService.csproj", "{D5751AC3-86EE-496A-9FD2-6823E3D37B36}"
EndProject
Project("{9A19103F-16F7-4668-BE54-9A1E7A4F7556}") = "LabMedServices", "..\DbServices\LabMedServices\LabMedServices.csproj", "{98A57E1A-738A-4C46-A857-691064245BF2}"
EndProject
Project("{9A19103F-16F7-4668-BE54-9A1E7A4F7556}") = "Contab-client", "..\UiModules\Contab-client\Contab-client.csproj", "{847DA51D-4924-4048-A8E3-3569F24B8C59}"
EndProject
Project("{9A19103F-16F7-4668-BE54-9A1E7A4F7556}") = "Inventario-client", "..\UiModules\Inventario-client\Inventario-client.csproj", "{E6416751-0C41-47AA-B190-41DB3E324A8E}"
EndProject
Project("{9A19103F-16F7-4668-BE54-9A1E7A4F7556}") = "DevelUi", "..\UiModules\DevelUi\DevelUi.csproj", "{1B6B52E0-25EA-4EB5-A61C-6752A5DE483D}"
EndProject
Project("{9A19103F-16F7-4668-BE54-9A1E7A4F7556}") = "RrHh-client", "..\UiModules\RrHh-client\RrHh-client.csproj", "{E508BCD2-9BE9-44D8-97F1-602889337A1B}"
EndProject
Project("{9A19103F-16F7-4668-BE54-9A1E7A4F7556}") = "Bancos-client", "..\UiModules\Bancos-client\Bancos-client.csproj", "{AD05CAE5-B11C-44CF-8421-3385A485A35F}"
EndProject
Project("{9A19103F-16F7-4668-BE54-9A1E7A4F7556}") = "Facturacion-client", "..\UiModules\Facturacion-client\Facturacion-client.csproj", "{9D8BE189-CD8C-47F6-A9A4-A4BF64D21A09}"
EndProject
Project("{9A19103F-16F7-4668-BE54-9A1E7A4F7556}") = "Labmed-Client", "..\UiModules\Labmed-Client\Labmed-Client.csproj", "{CFFC4E54-6FD6-422B-9DEE-2399886A480A}"
EndProject
Project("{9A19103F-16F7-4668-BE54-9A1E7A4F7556}") = "XceedPatches", "..\UiModules\XceedPatches\XceedPatches.csproj", "{F9227F6E-331E-4011-A253-EE080ECC1845}"
EndProject
Global
	GlobalSection(SolutionConfigurationPlatforms) = preSolution
		Debug|Any CPU = Debug|Any CPU
		Debug-Publish|Any CPU = Debug-Publish|Any CPU
		Debug-PublishLocal|Any CPU = Debug-PublishLocal|Any CPU
		Release|Any CPU = Release|Any CPU
	EndGlobalSection
	GlobalSection(ProjectConfigurationPlatforms) = postSolution
		{BD6DF2A2-BCCA-4725-B0C9-C458D5E78DDA}.Debug|Any CPU.ActiveCfg = Debug|Any CPU
		{BD6DF2A2-BCCA-4725-B0C9-C458D5E78DDA}.Debug|Any CPU.Build.0 = Debug|Any CPU
		{BD6DF2A2-BCCA-4725-B0C9-C458D5E78DDA}.Debug-Publish|Any CPU.ActiveCfg = Debug|Any CPU
		{BD6DF2A2-BCCA-4725-B0C9-C458D5E78DDA}.Debug-Publish|Any CPU.Build.0 = Debug|Any CPU
		{BD6DF2A2-BCCA-4725-B0C9-C458D5E78DDA}.Debug-PublishLocal|Any CPU.ActiveCfg = Debug|Any CPU
		{BD6DF2A2-BCCA-4725-B0C9-C458D5E78DDA}.Debug-PublishLocal|Any CPU.Build.0 = Debug|Any CPU
		{BD6DF2A2-BCCA-4725-B0C9-C458D5E78DDA}.Release|Any CPU.ActiveCfg = Release|Any CPU
		{BD6DF2A2-BCCA-4725-B0C9-C458D5E78DDA}.Release|Any CPU.Build.0 = Release|Any CPU
		{2912ED22-9853-41EC-93DE-573905BEC804}.Debug|Any CPU.ActiveCfg = Debug|Any CPU
		{2912ED22-9853-41EC-93DE-573905BEC804}.Debug|Any CPU.Build.0 = Debug|Any CPU
		{2912ED22-9853-41EC-93DE-573905BEC804}.Debug-Publish|Any CPU.ActiveCfg = Debug|Any CPU
		{2912ED22-9853-41EC-93DE-573905BEC804}.Debug-Publish|Any CPU.Build.0 = Debug|Any CPU
		{2912ED22-9853-41EC-93DE-573905BEC804}.Debug-PublishLocal|Any CPU.ActiveCfg = Debug|Any CPU
		{2912ED22-9853-41EC-93DE-573905BEC804}.Debug-PublishLocal|Any CPU.Build.0 = Debug|Any CPU
		{2912ED22-9853-41EC-93DE-573905BEC804}.Release|Any CPU.ActiveCfg = Release|Any CPU
		{2912ED22-9853-41EC-93DE-573905BEC804}.Release|Any CPU.Build.0 = Release|Any CPU
		{3A1C497E-D0F0-4BD9-8ED8-9E40E5693E82}.Debug|Any CPU.ActiveCfg = Debug|Any CPU
		{3A1C497E-D0F0-4BD9-8ED8-9E40E5693E82}.Debug|Any CPU.Build.0 = Debug|Any CPU
		{3A1C497E-D0F0-4BD9-8ED8-9E40E5693E82}.Debug-Publish|Any CPU.ActiveCfg = Debug|Any CPU
		{3A1C497E-D0F0-4BD9-8ED8-9E40E5693E82}.Debug-Publish|Any CPU.Build.0 = Debug|Any CPU
		{3A1C497E-D0F0-4BD9-8ED8-9E40E5693E82}.Debug-PublishLocal|Any CPU.ActiveCfg = Debug|Any CPU
		{3A1C497E-D0F0-4BD9-8ED8-9E40E5693E82}.Debug-PublishLocal|Any CPU.Build.0 = Debug|Any CPU
		{3A1C497E-D0F0-4BD9-8ED8-9E40E5693E82}.Release|Any CPU.ActiveCfg = Release|Any CPU
		{3A1C497E-D0F0-4BD9-8ED8-9E40E5693E82}.Release|Any CPU.Build.0 = Release|Any CPU
		{1F879089-6457-4190-9BF8-EEAF3847EA26}.Debug|Any CPU.ActiveCfg = Debug|Any CPU
		{1F879089-6457-4190-9BF8-EEAF3847EA26}.Debug|Any CPU.Build.0 = Debug|Any CPU
		{1F879089-6457-4190-9BF8-EEAF3847EA26}.Debug-Publish|Any CPU.ActiveCfg = Debug|Any CPU
		{1F879089-6457-4190-9BF8-EEAF3847EA26}.Debug-Publish|Any CPU.Build.0 = Debug|Any CPU
		{1F879089-6457-4190-9BF8-EEAF3847EA26}.Debug-PublishLocal|Any CPU.ActiveCfg = Debug|Any CPU
		{1F879089-6457-4190-9BF8-EEAF3847EA26}.Debug-PublishLocal|Any CPU.Build.0 = Debug|Any CPU
		{1F879089-6457-4190-9BF8-EEAF3847EA26}.Release|Any CPU.ActiveCfg = Release|Any CPU
		{1F879089-6457-4190-9BF8-EEAF3847EA26}.Release|Any CPU.Build.0 = Release|Any CPU
		{D5751AC3-86EE-496A-9FD2-6823E3D37B36}.Debug|Any CPU.ActiveCfg = Debug|Any CPU
		{D5751AC3-86EE-496A-9FD2-6823E3D37B36}.Debug|Any CPU.Build.0 = Debug|Any CPU
		{D5751AC3-86EE-496A-9FD2-6823E3D37B36}.Debug-Publish|Any CPU.ActiveCfg = Debug|Any CPU
		{D5751AC3-86EE-496A-9FD2-6823E3D37B36}.Debug-Publish|Any CPU.Build.0 = Debug|Any CPU
		{D5751AC3-86EE-496A-9FD2-6823E3D37B36}.Debug-PublishLocal|Any CPU.ActiveCfg = Debug|Any CPU
		{D5751AC3-86EE-496A-9FD2-6823E3D37B36}.Debug-PublishLocal|Any CPU.Build.0 = Debug|Any CPU
		{D5751AC3-86EE-496A-9FD2-6823E3D37B36}.Release|Any CPU.ActiveCfg = Release|Any CPU
		{D5751AC3-86EE-496A-9FD2-6823E3D37B36}.Release|Any CPU.Build.0 = Release|Any CPU
		{98A57E1A-738A-4C46-A857-691064245BF2}.Debug|Any CPU.ActiveCfg = Debug|Any CPU
		{98A57E1A-738A-4C46-A857-691064245BF2}.Debug|Any CPU.Build.0 = Debug|Any CPU
		{98A57E1A-738A-4C46-A857-691064245BF2}.Debug-Publish|Any CPU.ActiveCfg = Debug|Any CPU
		{98A57E1A-738A-4C46-A857-691064245BF2}.Debug-Publish|Any CPU.Build.0 = Debug|Any CPU
		{98A57E1A-738A-4C46-A857-691064245BF2}.Debug-PublishLocal|Any CPU.ActiveCfg = Debug|Any CPU
		{98A57E1A-738A-4C46-A857-691064245BF2}.Debug-PublishLocal|Any CPU.Build.0 = Debug|Any CPU
		{98A57E1A-738A-4C46-A857-691064245BF2}.Release|Any CPU.ActiveCfg = Release|Any CPU
		{98A57E1A-738A-4C46-A857-691064245BF2}.Release|Any CPU.Build.0 = Release|Any CPU
		{847DA51D-4924-4048-A8E3-3569F24B8C59}.Debug|Any CPU.ActiveCfg = Debug|Any CPU
		{847DA51D-4924-4048-A8E3-3569F24B8C59}.Debug|Any CPU.Build.0 = Debug|Any CPU
		{847DA51D-4924-4048-A8E3-3569F24B8C59}.Debug-Publish|Any CPU.ActiveCfg = Debug|Any CPU
		{847DA51D-4924-4048-A8E3-3569F24B8C59}.Debug-Publish|Any CPU.Build.0 = Debug|Any CPU
		{847DA51D-4924-4048-A8E3-3569F24B8C59}.Debug-PublishLocal|Any CPU.ActiveCfg = Debug|Any CPU
		{847DA51D-4924-4048-A8E3-3569F24B8C59}.Debug-PublishLocal|Any CPU.Build.0 = Debug|Any CPU
		{847DA51D-4924-4048-A8E3-3569F24B8C59}.Release|Any CPU.ActiveCfg = Release|Any CPU
		{847DA51D-4924-4048-A8E3-3569F24B8C59}.Release|Any CPU.Build.0 = Release|Any CPU
		{E6416751-0C41-47AA-B190-41DB3E324A8E}.Debug|Any CPU.ActiveCfg = Debug|Any CPU
		{E6416751-0C41-47AA-B190-41DB3E324A8E}.Debug|Any CPU.Build.0 = Debug|Any CPU
		{E6416751-0C41-47AA-B190-41DB3E324A8E}.Debug-Publish|Any CPU.ActiveCfg = Debug|Any CPU
		{E6416751-0C41-47AA-B190-41DB3E324A8E}.Debug-Publish|Any CPU.Build.0 = Debug|Any CPU
		{E6416751-0C41-47AA-B190-41DB3E324A8E}.Debug-PublishLocal|Any CPU.ActiveCfg = Debug|Any CPU
		{E6416751-0C41-47AA-B190-41DB3E324A8E}.Debug-PublishLocal|Any CPU.Build.0 = Debug|Any CPU
		{E6416751-0C41-47AA-B190-41DB3E324A8E}.Release|Any CPU.ActiveCfg = Release|Any CPU
		{E6416751-0C41-47AA-B190-41DB3E324A8E}.Release|Any CPU.Build.0 = Release|Any CPU
		{1B6B52E0-25EA-4EB5-A61C-6752A5DE483D}.Debug|Any CPU.ActiveCfg = Debug|Any CPU
		{1B6B52E0-25EA-4EB5-A61C-6752A5DE483D}.Debug|Any CPU.Build.0 = Debug|Any CPU
		{1B6B52E0-25EA-4EB5-A61C-6752A5DE483D}.Debug-Publish|Any CPU.ActiveCfg = Debug|Any CPU
		{1B6B52E0-25EA-4EB5-A61C-6752A5DE483D}.Debug-Publish|Any CPU.Build.0 = Debug|Any CPU
		{1B6B52E0-25EA-4EB5-A61C-6752A5DE483D}.Debug-PublishLocal|Any CPU.ActiveCfg = Debug|Any CPU
		{1B6B52E0-25EA-4EB5-A61C-6752A5DE483D}.Debug-PublishLocal|Any CPU.Build.0 = Debug|Any CPU
		{1B6B52E0-25EA-4EB5-A61C-6752A5DE483D}.Release|Any CPU.ActiveCfg = Release|Any CPU
		{1B6B52E0-25EA-4EB5-A61C-6752A5DE483D}.Release|Any CPU.Build.0 = Release|Any CPU
		{E508BCD2-9BE9-44D8-97F1-602889337A1B}.Debug|Any CPU.ActiveCfg = Debug|Any CPU
		{E508BCD2-9BE9-44D8-97F1-602889337A1B}.Debug|Any CPU.Build.0 = Debug|Any CPU
		{E508BCD2-9BE9-44D8-97F1-602889337A1B}.Debug-Publish|Any CPU.ActiveCfg = Debug|Any CPU
		{E508BCD2-9BE9-44D8-97F1-602889337A1B}.Debug-Publish|Any CPU.Build.0 = Debug|Any CPU
		{E508BCD2-9BE9-44D8-97F1-602889337A1B}.Debug-PublishLocal|Any CPU.ActiveCfg = Debug|Any CPU
		{E508BCD2-9BE9-44D8-97F1-602889337A1B}.Debug-PublishLocal|Any CPU.Build.0 = Debug|Any CPU
		{E508BCD2-9BE9-44D8-97F1-602889337A1B}.Release|Any CPU.ActiveCfg = Release|Any CPU
		{E508BCD2-9BE9-44D8-97F1-602889337A1B}.Release|Any CPU.Build.0 = Release|Any CPU
		{AD05CAE5-B11C-44CF-8421-3385A485A35F}.Debug|Any CPU.ActiveCfg = Debug|Any CPU
		{AD05CAE5-B11C-44CF-8421-3385A485A35F}.Debug|Any CPU.Build.0 = Debug|Any CPU
		{AD05CAE5-B11C-44CF-8421-3385A485A35F}.Debug-Publish|Any CPU.ActiveCfg = Debug|Any CPU
		{AD05CAE5-B11C-44CF-8421-3385A485A35F}.Debug-Publish|Any CPU.Build.0 = Debug|Any CPU
		{AD05CAE5-B11C-44CF-8421-3385A485A35F}.Debug-PublishLocal|Any CPU.ActiveCfg = Debug|Any CPU
		{AD05CAE5-B11C-44CF-8421-3385A485A35F}.Debug-PublishLocal|Any CPU.Build.0 = Debug|Any CPU
		{AD05CAE5-B11C-44CF-8421-3385A485A35F}.Release|Any CPU.ActiveCfg = Release|Any CPU
		{AD05CAE5-B11C-44CF-8421-3385A485A35F}.Release|Any CPU.Build.0 = Release|Any CPU
		{9D8BE189-CD8C-47F6-A9A4-A4BF64D21A09}.Debug|Any CPU.ActiveCfg = Debug|Any CPU
		{9D8BE189-CD8C-47F6-A9A4-A4BF64D21A09}.Debug|Any CPU.Build.0 = Debug|Any CPU
		{9D8BE189-CD8C-47F6-A9A4-A4BF64D21A09}.Debug-Publish|Any CPU.ActiveCfg = Debug|Any CPU
		{9D8BE189-CD8C-47F6-A9A4-A4BF64D21A09}.Debug-Publish|Any CPU.Build.0 = Debug|Any CPU
		{9D8BE189-CD8C-47F6-A9A4-A4BF64D21A09}.Debug-PublishLocal|Any CPU.ActiveCfg = Debug|Any CPU
		{9D8BE189-CD8C-47F6-A9A4-A4BF64D21A09}.Debug-PublishLocal|Any CPU.Build.0 = Debug|Any CPU
		{9D8BE189-CD8C-47F6-A9A4-A4BF64D21A09}.Release|Any CPU.ActiveCfg = Release|Any CPU
		{9D8BE189-CD8C-47F6-A9A4-A4BF64D21A09}.Release|Any CPU.Build.0 = Release|Any CPU
		{CFFC4E54-6FD6-422B-9DEE-2399886A480A}.Debug|Any CPU.ActiveCfg = Debug|Any CPU
		{CFFC4E54-6FD6-422B-9DEE-2399886A480A}.Debug|Any CPU.Build.0 = Debug|Any CPU
		{CFFC4E54-6FD6-422B-9DEE-2399886A480A}.Debug-Publish|Any CPU.ActiveCfg = Debug|Any CPU
		{CFFC4E54-6FD6-422B-9DEE-2399886A480A}.Debug-Publish|Any CPU.Build.0 = Debug|Any CPU
		{CFFC4E54-6FD6-422B-9DEE-2399886A480A}.Debug-PublishLocal|Any CPU.ActiveCfg = Debug|Any CPU
		{CFFC4E54-6FD6-422B-9DEE-2399886A480A}.Debug-PublishLocal|Any CPU.Build.0 = Debug|Any CPU
		{CFFC4E54-6FD6-422B-9DEE-2399886A480A}.Release|Any CPU.ActiveCfg = Release|Any CPU
		{CFFC4E54-6FD6-422B-9DEE-2399886A480A}.Release|Any CPU.Build.0 = Release|Any CPU
		{F9227F6E-331E-4011-A253-EE080ECC1845}.Debug|Any CPU.ActiveCfg = Debug|Any CPU
		{F9227F6E-331E-4011-A253-EE080ECC1845}.Debug|Any CPU.Build.0 = Debug|Any CPU
		{F9227F6E-331E-4011-A253-EE080ECC1845}.Debug-Publish|Any CPU.ActiveCfg = Debug|Any CPU
		{F9227F6E-331E-4011-A253-EE080ECC1845}.Debug-Publish|Any CPU.Build.0 = Debug|Any CPU
		{F9227F6E-331E-4011-A253-EE080ECC1845}.Debug-PublishLocal|Any CPU.ActiveCfg = Debug|Any CPU
		{F9227F6E-331E-4011-A253-EE080ECC1845}.Debug-PublishLocal|Any CPU.Build.0 = Debug|Any CPU
		{F9227F6E-331E-4011-A253-EE080ECC1845}.Release|Any CPU.ActiveCfg = Release|Any CPU
		{F9227F6E-331E-4011-A253-EE080ECC1845}.Release|Any CPU.Build.0 = Release|Any CPU
	EndGlobalSection
	GlobalSection(SolutionProperties) = preSolution
		HideSolutionNode = FALSE
	EndGlobalSection
	GlobalSection(NestedProjects) = preSolution
		{E7EACAD7-3CBC-42E3-BE62-814F7FE03DA2} = {854CECC9-A0FA-49E6-8121-F38825B686F5}
		{2912ED22-9853-41EC-93DE-573905BEC804} = {07AC0145-3794-4E17-9CE6-03F7CD241582}
		{3A1C497E-D0F0-4BD9-8ED8-9E40E5693E82} = {07AC0145-3794-4E17-9CE6-03F7CD241582}
		{1F879089-6457-4190-9BF8-EEAF3847EA26} = {443F54AC-D260-41BD-AD82-7A91CF333C92}
		{D5751AC3-86EE-496A-9FD2-6823E3D37B36} = {443F54AC-D260-41BD-AD82-7A91CF333C92}
		{98A57E1A-738A-4C46-A857-691064245BF2} = {443F54AC-D260-41BD-AD82-7A91CF333C92}
		{847DA51D-4924-4048-A8E3-3569F24B8C59} = {443F54AC-D260-41BD-AD82-7A91CF333C92}
		{E6416751-0C41-47AA-B190-41DB3E324A8E} = {443F54AC-D260-41BD-AD82-7A91CF333C92}
		{1B6B52E0-25EA-4EB5-A61C-6752A5DE483D} = {443F54AC-D260-41BD-AD82-7A91CF333C92}
		{E508BCD2-9BE9-44D8-97F1-602889337A1B} = {443F54AC-D260-41BD-AD82-7A91CF333C92}
		{AD05CAE5-B11C-44CF-8421-3385A485A35F} = {443F54AC-D260-41BD-AD82-7A91CF333C92}
		{9D8BE189-CD8C-47F6-A9A4-A4BF64D21A09} = {443F54AC-D260-41BD-AD82-7A91CF333C92}
		{CFFC4E54-6FD6-422B-9DEE-2399886A480A} = {443F54AC-D260-41BD-AD82-7A91CF333C92}
		{F9227F6E-331E-4011-A253-EE080ECC1845} = {443F54AC-D260-41BD-AD82-7A91CF333C92}
	EndGlobalSection
	GlobalSection(ExtensibilityGlobals) = postSolution
		SolutionGuid = {A790D96A-1B15-4B2C-8213-B331EDE835E1}
	EndGlobalSection
EndGlobal
