
Microsoft Visual Studio Solution File, Format Version 12.00
# Visual Studio Version 16
VisualStudioVersion = 16.0.29411.108
MinimumVisualStudioVersion = 10.0.40219.1
Project("{2150E333-8FDC-42A3-9474-1A3956D46DE8}") = "Clients", "Clients", "{07AC0145-3794-4E17-9CE6-03F7CD241582}"
EndProject
Project("{2150E333-8FDC-42A3-9474-1A3956D46DE8}") = "Build", "Build", "{854CECC9-A0FA-49E6-8121-F38825B686F5}"
	ProjectSection(SolutionItems) = preProject
		Directory.Build.props = Directory.Build.props
		Directory.Build.targets = Directory.Build.targets
	EndProjectSection
EndProject
Project("{2150E333-8FDC-42A3-9474-1A3956D46DE8}") = "Targets", "Targets", "{E7EACAD7-3CBC-42E3-BE62-814F7FE03DA2}"
	ProjectSection(SolutionItems) = preProject
		..\targets\BuildPaths.props = ..\targets\BuildPaths.props
		..\targets\bundle.ps1 = ..\targets\bundle.ps1
		..\targets\Bundle.targets = ..\targets\Bundle.targets
		..\targets\CompileOptions.targets = ..\targets\CompileOptions.targets
		..\targets\Frameworks.props = ..\targets\Frameworks.props
		..\targets\GlobalDirectives.targets = ..\targets\GlobalDirectives.targets
		..\targets\Mcart.targets = ..\targets\Mcart.targets
		..\targets\PackageInfo.props = ..\targets\PackageInfo.props
		..\targets\Packages.targets = ..\targets\Packages.targets
		..\targets\PackageVersion.props = ..\targets\PackageVersion.props
		..\targets\Shared.targets = ..\targets\Shared.targets
		..\targets\update-push.ps1 = ..\targets\update-push.ps1
	EndProjectSection
EndProject
Project("{9A19103F-16F7-4668-BE54-9A1E7A4F7556}") = "Proteus", "Proteus\Proteus.csproj", "{BD6DF2A2-BCCA-4725-B0C9-C458D5E78DDA}"
EndProject
Project("{9A19103F-16F7-4668-BE54-9A1E7A4F7556}") = "ProteusServer", "Clients\ProteusServer\ProteusServer.csproj", "{2912ED22-9853-41EC-93DE-573905BEC804}"
EndProject
Project("{9A19103F-16F7-4668-BE54-9A1E7A4F7556}") = "ProteusWorkstation", "Clients\ProteusWorkstation\ProteusWorkstation.csproj", "{3A1C497E-D0F0-4BD9-8ED8-9E40E5693E82}"
EndProject
Project("{2150E333-8FDC-42A3-9474-1A3956D46DE8}") = "DbServices", "DbServices", "{EA21D5E1-04B8-4D62-8F72-51C9ACD8CA9B}"
	ProjectSection(SolutionItems) = preProject
		DbServices\Directory.Build.targets = DbServices\Directory.Build.targets
	EndProjectSection
EndProject
Project("{2150E333-8FDC-42A3-9474-1A3956D46DE8}") = "NwServices", "NwServices", "{3B887A3C-972D-4804-9B01-D4E8BAEBA839}"
	ProjectSection(SolutionItems) = preProject
		NwServices\Directory.Build.targets = NwServices\Directory.Build.targets
	EndProjectSection
EndProject
Project("{2150E333-8FDC-42A3-9474-1A3956D46DE8}") = "Plugins", "Plugins", "{5924F70B-155B-431A-A121-71FCAF2CB561}"
	ProjectSection(SolutionItems) = preProject
		Plugins\Directory.Build.targets = Plugins\Directory.Build.targets
	EndProjectSection
EndProject
Project("{2150E333-8FDC-42A3-9474-1A3956D46DE8}") = "Shared", "Shared", "{91519C93-419B-4853-A099-0074211DAF45}"
EndProject
Project("{2150E333-8FDC-42A3-9474-1A3956D46DE8}") = "UiModules", "UiModules", "{4241CB00-D102-4F3C-9BF6-3214771DF20D}"
	ProjectSection(SolutionItems) = preProject
		UiModules\Directory.Build.targets = UiModules\Directory.Build.targets
	EndProjectSection
EndProject
Project("{2150E333-8FDC-42A3-9474-1A3956D46DE8}") = "WebServices", "WebServices", "{86FA367C-C00B-4F10-A4CD-FB5E1981D8DE}"
	ProjectSection(SolutionItems) = preProject
		WebServices\Directory.Build.targets = WebServices\Directory.Build.targets
	EndProjectSection
EndProject
Project("{D954291E-2A0B-460D-934E-DC6B0785DB48}") = "CmdLineArgs", "Shared\CmdLineArgs\CmdLineArgs.shproj", "{7DF0886C-11CD-4ABC-9135-31EF4B7FF44C}"
EndProject
Project("{D954291E-2A0B-460D-934E-DC6B0785DB48}") = "License", "Shared\License\License.shproj", "{34BA68CC-9822-4656-84F1-81ED63433EA6}"
EndProject
Project("{D954291E-2A0B-460D-934E-DC6B0785DB48}") = "TerminalApps", "Shared\TerminalApps\TerminalApps.shproj", "{23237288-77A7-45C0-B479-720769CC2DBD}"
EndProject
Project("{9A19103F-16F7-4668-BE54-9A1E7A4F7556}") = "XceedPatches", "UiModules\XceedPatches\XceedPatches.csproj", "{1307F4D7-50C2-4242-8883-9C1DEA8C18F0}"
EndProject
Project("{9A19103F-16F7-4668-BE54-9A1E7A4F7556}") = "ProteusWebApi", "Clients\ProteusWebApi\ProteusWebApi.csproj", "{168DCBD5-0830-4B7D-8440-D3BA28037493}"
EndProject
Project("{2150E333-8FDC-42A3-9474-1A3956D46DE8}") = "Solution Items", "Solution Items", "{EC39A9A9-45F8-4063-A7D9-8FCB271C1A7B}"
	ProjectSection(SolutionItems) = preProject
		.editorconfig = .editorconfig
	EndProjectSection
EndProject
Project("{2150E333-8FDC-42A3-9474-1A3956D46DE8}") = "Utils", "Utils", "{5809CE07-C0DB-42D6-A880-DD8B55E820AF}"
EndProject
Project("{9A19103F-16F7-4668-BE54-9A1E7A4F7556}") = "ExcelExporter", "UiModules\ExcelExporter\ExcelExporter.csproj", "{EA8FAB96-EAB6-4D26-AEFF-4CE2E642FD5E}"
EndProject
Project("{9A19103F-16F7-4668-BE54-9A1E7A4F7556}") = "ProteusUpdater", "Utils\ProteusUpdater\ProteusUpdater.csproj", "{491A5983-F82D-47F4-A69F-BCA0D5339ACC}"
EndProject
Project("{9A19103F-16F7-4668-BE54-9A1E7A4F7556}") = "FacturaService", "DbServices\FacturaService\FacturaService.csproj", "{43D313D5-D6DE-4EFE-9655-CFD255031EFE}"
EndProject
Project("{9A19103F-16F7-4668-BE54-9A1E7A4F7556}") = "FacturacionUi", "UiModules\FacturacionUi\FacturacionUi.csproj", "{8EDC1DDB-B871-4163-A956-1C99387FB5F3}"
EndProject
Project("{9A19103F-16F7-4668-BE54-9A1E7A4F7556}") = "PosFacturaPrinter", "Plugins\PosFacturaPrinter\PosFacturaPrinter.csproj", "{DD577BD5-A373-461C-B2F4-D5F537040B0F}"
EndProject
Global
	GlobalSection(SharedMSBuildProjectFiles) = preSolution
		Shared\TerminalApps\TerminalApps.projitems*{23237288-77a7-45c0-b479-720769cc2dbd}*SharedItemsImports = 13
		Shared\CmdLineArgs\CmdLineArgs.projitems*{2912ed22-9853-41ec-93de-573905bec804}*SharedItemsImports = 5
		Shared\TerminalApps\TerminalApps.projitems*{2912ed22-9853-41ec-93de-573905bec804}*SharedItemsImports = 5
		Shared\License\License.projitems*{34ba68cc-9822-4656-84f1-81ed63433ea6}*SharedItemsImports = 13
		Shared\CmdLineArgs\CmdLineArgs.projitems*{3a1c497e-d0f0-4bd9-8ed8-9e40e5693e82}*SharedItemsImports = 5
		Shared\CmdLineArgs\CmdLineArgs.projitems*{7df0886c-11cd-4abc-9135-31ef4b7ff44c}*SharedItemsImports = 13
	EndGlobalSection
	GlobalSection(SolutionConfigurationPlatforms) = preSolution
		Debug|Any CPU = Debug|Any CPU
		Debug-Publish|Any CPU = Debug-Publish|Any CPU
		Debug-PublishLocal|Any CPU = Debug-PublishLocal|Any CPU
		Release|Any CPU = Release|Any CPU
	EndGlobalSection
	GlobalSection(ProjectConfigurationPlatforms) = postSolution
		{BD6DF2A2-BCCA-4725-B0C9-C458D5E78DDA}.Debug|Any CPU.ActiveCfg = Debug|Any CPU
		{BD6DF2A2-BCCA-4725-B0C9-C458D5E78DDA}.Debug|Any CPU.Build.0 = Debug|Any CPU
		{BD6DF2A2-BCCA-4725-B0C9-C458D5E78DDA}.Debug-Publish|Any CPU.ActiveCfg = Debug|Any CPU
		{BD6DF2A2-BCCA-4725-B0C9-C458D5E78DDA}.Debug-Publish|Any CPU.Build.0 = Debug|Any CPU
		{BD6DF2A2-BCCA-4725-B0C9-C458D5E78DDA}.Debug-PublishLocal|Any CPU.ActiveCfg = Debug|Any CPU
		{BD6DF2A2-BCCA-4725-B0C9-C458D5E78DDA}.Debug-PublishLocal|Any CPU.Build.0 = Debug|Any CPU
		{BD6DF2A2-BCCA-4725-B0C9-C458D5E78DDA}.Release|Any CPU.ActiveCfg = Release|Any CPU
		{BD6DF2A2-BCCA-4725-B0C9-C458D5E78DDA}.Release|Any CPU.Build.0 = Release|Any CPU
		{2912ED22-9853-41EC-93DE-573905BEC804}.Debug|Any CPU.ActiveCfg = Debug|Any CPU
		{2912ED22-9853-41EC-93DE-573905BEC804}.Debug|Any CPU.Build.0 = Debug|Any CPU
		{2912ED22-9853-41EC-93DE-573905BEC804}.Debug-Publish|Any CPU.ActiveCfg = Debug|Any CPU
		{2912ED22-9853-41EC-93DE-573905BEC804}.Debug-Publish|Any CPU.Build.0 = Debug|Any CPU
		{2912ED22-9853-41EC-93DE-573905BEC804}.Debug-PublishLocal|Any CPU.ActiveCfg = Debug|Any CPU
		{2912ED22-9853-41EC-93DE-573905BEC804}.Debug-PublishLocal|Any CPU.Build.0 = Debug|Any CPU
		{2912ED22-9853-41EC-93DE-573905BEC804}.Release|Any CPU.ActiveCfg = Release|Any CPU
		{2912ED22-9853-41EC-93DE-573905BEC804}.Release|Any CPU.Build.0 = Release|Any CPU
		{3A1C497E-D0F0-4BD9-8ED8-9E40E5693E82}.Debug|Any CPU.ActiveCfg = Debug|Any CPU
		{3A1C497E-D0F0-4BD9-8ED8-9E40E5693E82}.Debug|Any CPU.Build.0 = Debug|Any CPU
		{3A1C497E-D0F0-4BD9-8ED8-9E40E5693E82}.Debug-Publish|Any CPU.ActiveCfg = Debug|Any CPU
		{3A1C497E-D0F0-4BD9-8ED8-9E40E5693E82}.Debug-Publish|Any CPU.Build.0 = Debug|Any CPU
		{3A1C497E-D0F0-4BD9-8ED8-9E40E5693E82}.Debug-PublishLocal|Any CPU.ActiveCfg = Debug|Any CPU
		{3A1C497E-D0F0-4BD9-8ED8-9E40E5693E82}.Debug-PublishLocal|Any CPU.Build.0 = Debug|Any CPU
		{3A1C497E-D0F0-4BD9-8ED8-9E40E5693E82}.Release|Any CPU.ActiveCfg = Release|Any CPU
		{3A1C497E-D0F0-4BD9-8ED8-9E40E5693E82}.Release|Any CPU.Build.0 = Release|Any CPU
		{1307F4D7-50C2-4242-8883-9C1DEA8C18F0}.Debug|Any CPU.ActiveCfg = Debug|Any CPU
		{1307F4D7-50C2-4242-8883-9C1DEA8C18F0}.Debug|Any CPU.Build.0 = Debug|Any CPU
		{1307F4D7-50C2-4242-8883-9C1DEA8C18F0}.Debug-Publish|Any CPU.ActiveCfg = Debug|Any CPU
		{1307F4D7-50C2-4242-8883-9C1DEA8C18F0}.Debug-Publish|Any CPU.Build.0 = Debug|Any CPU
		{1307F4D7-50C2-4242-8883-9C1DEA8C18F0}.Debug-PublishLocal|Any CPU.ActiveCfg = Debug|Any CPU
		{1307F4D7-50C2-4242-8883-9C1DEA8C18F0}.Debug-PublishLocal|Any CPU.Build.0 = Debug|Any CPU
		{1307F4D7-50C2-4242-8883-9C1DEA8C18F0}.Release|Any CPU.ActiveCfg = Release|Any CPU
		{1307F4D7-50C2-4242-8883-9C1DEA8C18F0}.Release|Any CPU.Build.0 = Release|Any CPU
		{168DCBD5-0830-4B7D-8440-D3BA28037493}.Debug|Any CPU.ActiveCfg = Debug|Any CPU
		{168DCBD5-0830-4B7D-8440-D3BA28037493}.Debug|Any CPU.Build.0 = Debug|Any CPU
		{168DCBD5-0830-4B7D-8440-D3BA28037493}.Debug-Publish|Any CPU.ActiveCfg = Debug|Any CPU
		{168DCBD5-0830-4B7D-8440-D3BA28037493}.Debug-Publish|Any CPU.Build.0 = Debug|Any CPU
		{168DCBD5-0830-4B7D-8440-D3BA28037493}.Debug-PublishLocal|Any CPU.ActiveCfg = Debug|Any CPU
		{168DCBD5-0830-4B7D-8440-D3BA28037493}.Debug-PublishLocal|Any CPU.Build.0 = Debug|Any CPU
		{168DCBD5-0830-4B7D-8440-D3BA28037493}.Release|Any CPU.ActiveCfg = Release|Any CPU
		{168DCBD5-0830-4B7D-8440-D3BA28037493}.Release|Any CPU.Build.0 = Release|Any CPU
		{EA8FAB96-EAB6-4D26-AEFF-4CE2E642FD5E}.Debug|Any CPU.ActiveCfg = Debug|Any CPU
		{EA8FAB96-EAB6-4D26-AEFF-4CE2E642FD5E}.Debug|Any CPU.Build.0 = Debug|Any CPU
		{EA8FAB96-EAB6-4D26-AEFF-4CE2E642FD5E}.Debug-Publish|Any CPU.ActiveCfg = Debug|Any CPU
		{EA8FAB96-EAB6-4D26-AEFF-4CE2E642FD5E}.Debug-Publish|Any CPU.Build.0 = Debug|Any CPU
		{EA8FAB96-EAB6-4D26-AEFF-4CE2E642FD5E}.Debug-PublishLocal|Any CPU.ActiveCfg = Debug|Any CPU
		{EA8FAB96-EAB6-4D26-AEFF-4CE2E642FD5E}.Debug-PublishLocal|Any CPU.Build.0 = Debug|Any CPU
		{EA8FAB96-EAB6-4D26-AEFF-4CE2E642FD5E}.Release|Any CPU.ActiveCfg = Release|Any CPU
		{EA8FAB96-EAB6-4D26-AEFF-4CE2E642FD5E}.Release|Any CPU.Build.0 = Release|Any CPU
		{491A5983-F82D-47F4-A69F-BCA0D5339ACC}.Debug|Any CPU.ActiveCfg = Debug|Any CPU
		{491A5983-F82D-47F4-A69F-BCA0D5339ACC}.Debug|Any CPU.Build.0 = Debug|Any CPU
		{491A5983-F82D-47F4-A69F-BCA0D5339ACC}.Debug-Publish|Any CPU.ActiveCfg = Debug|Any CPU
		{491A5983-F82D-47F4-A69F-BCA0D5339ACC}.Debug-Publish|Any CPU.Build.0 = Debug|Any CPU
		{491A5983-F82D-47F4-A69F-BCA0D5339ACC}.Debug-PublishLocal|Any CPU.ActiveCfg = Debug|Any CPU
		{491A5983-F82D-47F4-A69F-BCA0D5339ACC}.Debug-PublishLocal|Any CPU.Build.0 = Debug|Any CPU
		{491A5983-F82D-47F4-A69F-BCA0D5339ACC}.Release|Any CPU.ActiveCfg = Release|Any CPU
		{491A5983-F82D-47F4-A69F-BCA0D5339ACC}.Release|Any CPU.Build.0 = Release|Any CPU
		{43D313D5-D6DE-4EFE-9655-CFD255031EFE}.Debug|Any CPU.ActiveCfg = Debug|Any CPU
		{43D313D5-D6DE-4EFE-9655-CFD255031EFE}.Debug|Any CPU.Build.0 = Debug|Any CPU
		{43D313D5-D6DE-4EFE-9655-CFD255031EFE}.Debug-Publish|Any CPU.ActiveCfg = Debug|Any CPU
		{43D313D5-D6DE-4EFE-9655-CFD255031EFE}.Debug-Publish|Any CPU.Build.0 = Debug|Any CPU
		{43D313D5-D6DE-4EFE-9655-CFD255031EFE}.Debug-PublishLocal|Any CPU.ActiveCfg = Debug|Any CPU
		{43D313D5-D6DE-4EFE-9655-CFD255031EFE}.Debug-PublishLocal|Any CPU.Build.0 = Debug|Any CPU
		{43D313D5-D6DE-4EFE-9655-CFD255031EFE}.Release|Any CPU.ActiveCfg = Release|Any CPU
		{43D313D5-D6DE-4EFE-9655-CFD255031EFE}.Release|Any CPU.Build.0 = Release|Any CPU
		{8EDC1DDB-B871-4163-A956-1C99387FB5F3}.Debug|Any CPU.ActiveCfg = Debug|Any CPU
		{8EDC1DDB-B871-4163-A956-1C99387FB5F3}.Debug|Any CPU.Build.0 = Debug|Any CPU
		{8EDC1DDB-B871-4163-A956-1C99387FB5F3}.Debug-Publish|Any CPU.ActiveCfg = Debug|Any CPU
		{8EDC1DDB-B871-4163-A956-1C99387FB5F3}.Debug-Publish|Any CPU.Build.0 = Debug|Any CPU
		{8EDC1DDB-B871-4163-A956-1C99387FB5F3}.Debug-PublishLocal|Any CPU.ActiveCfg = Debug|Any CPU
		{8EDC1DDB-B871-4163-A956-1C99387FB5F3}.Debug-PublishLocal|Any CPU.Build.0 = Debug|Any CPU
		{8EDC1DDB-B871-4163-A956-1C99387FB5F3}.Release|Any CPU.ActiveCfg = Release|Any CPU
		{8EDC1DDB-B871-4163-A956-1C99387FB5F3}.Release|Any CPU.Build.0 = Release|Any CPU
		{DD577BD5-A373-461C-B2F4-D5F537040B0F}.Debug|Any CPU.ActiveCfg = Debug|Any CPU
		{DD577BD5-A373-461C-B2F4-D5F537040B0F}.Debug|Any CPU.Build.0 = Debug|Any CPU
		{DD577BD5-A373-461C-B2F4-D5F537040B0F}.Debug-Publish|Any CPU.ActiveCfg = Debug|Any CPU
		{DD577BD5-A373-461C-B2F4-D5F537040B0F}.Debug-Publish|Any CPU.Build.0 = Debug|Any CPU
		{DD577BD5-A373-461C-B2F4-D5F537040B0F}.Debug-PublishLocal|Any CPU.ActiveCfg = Debug|Any CPU
		{DD577BD5-A373-461C-B2F4-D5F537040B0F}.Debug-PublishLocal|Any CPU.Build.0 = Debug|Any CPU
		{DD577BD5-A373-461C-B2F4-D5F537040B0F}.Release|Any CPU.ActiveCfg = Release|Any CPU
		{DD577BD5-A373-461C-B2F4-D5F537040B0F}.Release|Any CPU.Build.0 = Release|Any CPU
	EndGlobalSection
	GlobalSection(SolutionProperties) = preSolution
		HideSolutionNode = FALSE
	EndGlobalSection
	GlobalSection(NestedProjects) = preSolution
		{E7EACAD7-3CBC-42E3-BE62-814F7FE03DA2} = {854CECC9-A0FA-49E6-8121-F38825B686F5}
		{2912ED22-9853-41EC-93DE-573905BEC804} = {07AC0145-3794-4E17-9CE6-03F7CD241582}
		{3A1C497E-D0F0-4BD9-8ED8-9E40E5693E82} = {07AC0145-3794-4E17-9CE6-03F7CD241582}
		{7DF0886C-11CD-4ABC-9135-31EF4B7FF44C} = {91519C93-419B-4853-A099-0074211DAF45}
		{34BA68CC-9822-4656-84F1-81ED63433EA6} = {91519C93-419B-4853-A099-0074211DAF45}
		{23237288-77A7-45C0-B479-720769CC2DBD} = {91519C93-419B-4853-A099-0074211DAF45}
		{1307F4D7-50C2-4242-8883-9C1DEA8C18F0} = {4241CB00-D102-4F3C-9BF6-3214771DF20D}
		{168DCBD5-0830-4B7D-8440-D3BA28037493} = {07AC0145-3794-4E17-9CE6-03F7CD241582}
		{EA8FAB96-EAB6-4D26-AEFF-4CE2E642FD5E} = {4241CB00-D102-4F3C-9BF6-3214771DF20D}
		{491A5983-F82D-47F4-A69F-BCA0D5339ACC} = {5809CE07-C0DB-42D6-A880-DD8B55E820AF}
		{43D313D5-D6DE-4EFE-9655-CFD255031EFE} = {EA21D5E1-04B8-4D62-8F72-51C9ACD8CA9B}
		{8EDC1DDB-B871-4163-A956-1C99387FB5F3} = {4241CB00-D102-4F3C-9BF6-3214771DF20D}
		{DD577BD5-A373-461C-B2F4-D5F537040B0F} = {5924F70B-155B-431A-A121-71FCAF2CB561}
	EndGlobalSection
	GlobalSection(ExtensibilityGlobals) = postSolution
		SolutionGuid = {A790D96A-1B15-4B2C-8213-B331EDE835E1}
	EndGlobalSection
EndGlobal
